
Microsoft Visual Studio Solution File, Format Version 12.00
Project("{FAE04EC0-301F-11D3-BF4B-00C04F79EFBC}") = "Nexus.Shared.Models", "Nexus.Shared.Models\Nexus.Shared.Models.csproj", "{C49393DD-ACFE-4D45-83B7-F54A43CA8C0F}"
EndProject
Project("{FAE04EC0-301F-11D3-BF4B-00C04F79EFBC}") = "Nexus.Shared.Utility", "Nexus.Shared.Utility\Nexus.Shared.Utility.csproj", "{ED8AC230-0A2C-4DF3-8283-744410979E58}"
EndProject
Project("{FAE04EC0-301F-11D3-BF4B-00C04F79EFBC}") = "Nexus.Shared.RiotApi", "Nexus.Shared.RiotApi\Nexus.Shared.RiotApi.csproj", "{8683A22E-286F-4D57-A569-4AA3B50C116B}"
EndProject
Project("{FAE04EC0-301F-11D3-BF4B-00C04F79EFBC}") = "Nexus.Shared", "Nexus.Shared\Nexus.Shared.csproj", "{13C1E94E-32A5-4267-8173-4C200CFE69B9}"
EndProject
Global
	GlobalSection(SolutionConfigurationPlatforms) = preSolution
		Debug|Any CPU = Debug|Any CPU
		Release|Any CPU = Release|Any CPU
	EndGlobalSection
	GlobalSection(ProjectConfigurationPlatforms) = postSolution
		{C49393DD-ACFE-4D45-83B7-F54A43CA8C0F}.Debug|Any CPU.ActiveCfg = Debug|Any CPU
		{C49393DD-ACFE-4D45-83B7-F54A43CA8C0F}.Debug|Any CPU.Build.0 = Debug|Any CPU
		{C49393DD-ACFE-4D45-83B7-F54A43CA8C0F}.Release|Any CPU.ActiveCfg = Release|Any CPU
		{C49393DD-ACFE-4D45-83B7-F54A43CA8C0F}.Release|Any CPU.Build.0 = Release|Any CPU
		{ED8AC230-0A2C-4DF3-8283-744410979E58}.Debug|Any CPU.ActiveCfg = Debug|Any CPU
		{ED8AC230-0A2C-4DF3-8283-744410979E58}.Debug|Any CPU.Build.0 = Debug|Any CPU
		{ED8AC230-0A2C-4DF3-8283-744410979E58}.Release|Any CPU.ActiveCfg = Release|Any CPU
		{ED8AC230-0A2C-4DF3-8283-744410979E58}.Release|Any CPU.Build.0 = Release|Any CPU
		{8683A22E-286F-4D57-A569-4AA3B50C116B}.Debug|Any CPU.ActiveCfg = Debug|Any CPU
		{8683A22E-286F-4D57-A569-4AA3B50C116B}.Debug|Any CPU.Build.0 = Debug|Any CPU
		{8683A22E-286F-4D57-A569-4AA3B50C116B}.Release|Any CPU.ActiveCfg = Release|Any CPU
		{8683A22E-286F-4D57-A569-4AA3B50C116B}.Release|Any CPU.Build.0 = Release|Any CPU
		{13C1E94E-32A5-4267-8173-4C200CFE69B9}.Debug|Any CPU.ActiveCfg = Debug|Any CPU
		{13C1E94E-32A5-4267-8173-4C200CFE69B9}.Debug|Any CPU.Build.0 = Debug|Any CPU
		{13C1E94E-32A5-4267-8173-4C200CFE69B9}.Release|Any CPU.ActiveCfg = Release|Any CPU
		{13C1E94E-32A5-4267-8173-4C200CFE69B9}.Release|Any CPU.Build.0 = Release|Any CPU
	EndGlobalSection
EndGlobal
